
Microsoft Visual Studio Solution File, Format Version 12.00
# Visual Studio Version 17
VisualStudioVersion = 17.4.33213.308
MinimumVisualStudioVersion = 10.0.40219.1
Project("{FAE04EC0-301F-11D3-BF4B-00C04F79EFBC}") = "4 - Prova ereditarietà", "4 - Prova ereditarietà\4 - Prova ereditarietà.csproj", "{65925F03-E45D-4D59-A615-5A0E1E17C316}"
EndProject
Global
	GlobalSection(SolutionConfigurationPlatforms) = preSolution
		Debug|Any CPU = Debug|Any CPU
		Release|Any CPU = Release|Any CPU
	EndGlobalSection
	GlobalSection(ProjectConfigurationPlatforms) = postSolution
		{65925F03-E45D-4D59-A615-5A0E1E17C316}.Debug|Any CPU.ActiveCfg = Debug|Any CPU
		{65925F03-E45D-4D59-A615-5A0E1E17C316}.Debug|Any CPU.Build.0 = Debug|Any CPU
		{65925F03-E45D-4D59-A615-5A0E1E17C316}.Release|Any CPU.ActiveCfg = Release|Any CPU
		{65925F03-E45D-4D59-A615-5A0E1E17C316}.Release|Any CPU.Build.0 = Release|Any CPU
	EndGlobalSection
	GlobalSection(SolutionProperties) = preSolution
		HideSolutionNode = FALSE
	EndGlobalSection
	GlobalSection(ExtensibilityGlobals) = postSolution
		SolutionGuid = {B6CFB584-18D4-410E-9107-ED9D1EB30EAB}
	EndGlobalSection
EndGlobal
